
Microsoft Visual Studio Solution File, Format Version 12.00
# Visual Studio Version 17
VisualStudioVersion = 17.13.35818.85
MinimumVisualStudioVersion = 10.0.40219.1
Project("{FAE04EC0-301F-11D3-BF4B-00C04F79EFBC}") = "AutoWorkShop", "AutoWorkShop\AutoWorkShop.csproj", "{355FE3AF-2361-4771-B077-480261E05182}"
EndProject
Global
	GlobalSection(SolutionConfigurationPlatforms) = preSolution
		Debug|Any CPU = Debug|Any CPU
		Release|Any CPU = Release|Any CPU
	EndGlobalSection
	GlobalSection(ProjectConfigurationPlatforms) = postSolution
		{355FE3AF-2361-4771-B077-480261E05182}.Debug|Any CPU.ActiveCfg = Debug|Any CPU
		{355FE3AF-2361-4771-B077-480261E05182}.Debug|Any CPU.Build.0 = Debug|Any CPU
		{355FE3AF-2361-4771-B077-480261E05182}.Release|Any CPU.ActiveCfg = Release|Any CPU
		{355FE3AF-2361-4771-B077-480261E05182}.Release|Any CPU.Build.0 = Release|Any CPU
	EndGlobalSection
	GlobalSection(SolutionProperties) = preSolution
		HideSolutionNode = FALSE
	EndGlobalSection
	GlobalSection(ExtensibilityGlobals) = postSolution
		SolutionGuid = {01B76705-DA0E-4F6D-BAC6-85EBE76EFFC8}
	EndGlobalSection
EndGlobal
